
Microsoft Visual Studio Solution File, Format Version 12.00
# Visual Studio Version 17
VisualStudioVersion = 17.7.34031.279
MinimumVisualStudioVersion = 10.0.40219.1
Project("{F184B08F-C81C-45F6-A57F-5ABD9991F28F}") = "HW1", "HW1.vbproj", "{B09A6F88-1775-4DBA-9CFB-5A0470687647}"
EndProject
Global
	GlobalSection(SolutionConfigurationPlatforms) = preSolution
		Debug|Any CPU = Debug|Any CPU
		Release|Any CPU = Release|Any CPU
	EndGlobalSection
	GlobalSection(ProjectConfigurationPlatforms) = postSolution
		{B09A6F88-1775-4DBA-9CFB-5A0470687647}.Debug|Any CPU.ActiveCfg = Debug|Any CPU
		{B09A6F88-1775-4DBA-9CFB-5A0470687647}.Debug|Any CPU.Build.0 = Debug|Any CPU
		{B09A6F88-1775-4DBA-9CFB-5A0470687647}.Release|Any CPU.ActiveCfg = Release|Any CPU
		{B09A6F88-1775-4DBA-9CFB-5A0470687647}.Release|Any CPU.Build.0 = Release|Any CPU
	EndGlobalSection
	GlobalSection(SolutionProperties) = preSolution
		HideSolutionNode = FALSE
	EndGlobalSection
	GlobalSection(ExtensibilityGlobals) = postSolution
		SolutionGuid = {CFE51C7B-3A3C-4C20-8130-3A5A67626BC5}
	EndGlobalSection
EndGlobal
